{
  "name": "mimo-proxy",
  "version": "1.0.0",
  "lockfileVersion": 3,
  "requires": true,
  "packages": {
    "": {
      "name": "mimo-proxy",
      "version": "1.0.0",
      "dependencies": {
        "ws": "^8.18.3"
      },
      "bin": {
        "mimo-chat": "dist/mimo-chat",
        "mimo-server": "dist/mimo-server"
      },
      "devDependencies": {
        "@perryts/perry": "0.5.1520",
        "@types/node": "^22.15.0",
        "@types/ws": "^8.5.13",
        "typescript": "^5.8.3"
      },
      "engines": {
        "node": ">=18.0.0"
      }
    },
    "node_modules/@perryts/perry": {
      "version": "0.5.1520",
      "resolved": "https://registry.npmjs.org/@perryts/perry/-/perry-0.5.1520.tgz",
      "integrity": "sha512-f+0J2WbddjX0EMYR4BWIlsQtTaYd+0I9AIGA3hY/D8/MWlhrZwHmV6v8iBrdcpv/4QUd+YmRhFePY3iUUcriyw==",
      "dev": true,
      "license": "MIT",
      "bin": {
        "perry": "bin/perry.js"
      },
      "engines": {
        "node": ">=16"
      },
      "optionalDependencies": {
        "@perryts/perry-darwin-arm64": "0.5.1520",
        "@perryts/perry-darwin-x64": "0.5.1520",
        "@perryts/perry-linux-arm64": "0.5.1520",
        "@perryts/perry-linux-x64": "0.5.1520",
        "@perryts/perry-win32-arm64": "0.5.1520",
        "@perryts/perry-win32-x64": "0.5.1520"
      }
    },
    "node_modules/@perryts/perry-darwin-arm64": {
      "version": "0.5.1520",
      "resolved": "https://registry.npmjs.org/@perryts/perry-darwin-arm64/-/perry-darwin-arm64-0.5.1520.tgz",
      "integrity": "sha512-FBu/HkRPvtr2GUUZd9fKClOZuf2s6lhrrXSj8XJoq75gaCTwpyqj8bqmZGvguuTPduG2+GV2+xYAGmBfLyUFaQ==",
      "cpu": [
        "arm64"
      ],
      "dev": true,
      "license": "MIT",
      "optional": true,
      "os": [
        "darwin"
      ]
    },
    "node_modules/@perryts/perry-darwin-x64": {
      "version": "0.5.1520",
      "resolved": "https://registry.npmjs.org/@perryts/perry-darwin-x64/-/perry-darwin-x64-0.5.1520.tgz",
      "integrity": "sha512-lsuUUBWdrSSclwKKZia6s2XogFoF++IRxYDbkPBaWCiRO5U3b+cAeXknMfRm2tbN32j4Ufo0LiRo3zQUOWcApg==",
      "cpu": [
        "x64"
      ],
      "dev": true,
      "license": "MIT",
      "optional": true,
      "os": [
        "darwin"
      ]
    },
    "node_modules/@perryts/perry-linux-arm64": {
      "version": "0.5.1520",
      "resolved": "https://registry.npmjs.org/@perryts/perry-linux-arm64/-/perry-linux-arm64-0.5.1520.tgz",
      "integrity": "sha512-/nfhlGh61NF5UsY8DD47j6H5ybkuEagObCAUUnhhzF8459VXT1clpDeu6I2WJegOg/00V/6hDkEgvF5OdXsdPQ==",
      "cpu": [
        "arm64"
      ],
      "dev": true,
      "license": "MIT",
      "optional": true,
      "os": [
        "linux"
      ]
    },
    "node_modules/@perryts/perry-linux-x64": {
      "version": "0.5.1520",
      "resolved": "https://registry.npmjs.org/@perryts/perry-linux-x64/-/perry-linux-x64-0.5.1520.tgz",
      "integrity": "sha512-8Z7uPsiay1+gA7s6NrsU8zVtix0GXRxCErSNe5/nafLC5YrsodQ+235Jsr/PzIzlH5PHVOpVQy0gn+jGD8lUKQ==",
      "cpu": [
        "x64"
      ],
      "dev": true,
      "license": "MIT",
      "optional": true,
      "os": [
        "linux"
      ]
    },
    "node_modules/@perryts/perry-win32-arm64": {
      "version": "0.5.1520",
      "resolved": "https://registry.npmjs.org/@perryts/perry-win32-arm64/-/perry-win32-arm64-0.5.1520.tgz",
      "integrity": "sha512-2HV/phBD3IC+90UgzyKbYGqPC2eDRuCp7Mny8XzbAmfW6HkpJKdbNlaJz98Kxh5NQh3wr1dpgn48r83sgBs5iw==",
      "cpu": [
        "arm64"
      ],
      "dev": true,
      "license": "MIT",
      "optional": true,
      "os": [
        "win32"
      ]
    },
    "node_modules/@perryts/perry-win32-x64": {
      "version": "0.5.1520",
      "resolved": "https://registry.npmjs.org/@perryts/perry-win32-x64/-/perry-win32-x64-0.5.1520.tgz",
      "integrity": "sha512-5vYuD71KWywfj5wEoSRrKo3W6mZ3JZ4yxDSE50OwqCLoTbTJ2KMEYgKumqWYim1WTji9HKiwQBWTD9QkcBY6Bg==",
      "cpu": [
        "x64"
      ],
      "dev": true,
      "license": "MIT",
      "optional": true,
      "os": [
        "win32"
      ]
    },
    "node_modules/@types/node": {
      "version": "22.20.2",
      "resolved": "https://registry.npmjs.org/@types/node/-/node-22.20.2.tgz",
      "integrity": "sha512-xlvWf4Vs9n1PEVYwP1n4vvG07M6y8WgvJ2t0vbrWTmijsIHp1cS+uJ2kMIRdY3nHZK0nCYKrPeD171+SzF4/zw==",
      "dev": true,
      "license": "MIT",
      "dependencies": {
        "undici-types": "~6.21.0"
      }
    },
    "node_modules/@types/ws": {
      "version": "8.18.1",
      "resolved": "https://registry.npmjs.org/@types/ws/-/ws-8.18.1.tgz",
      "integrity": "sha512-ThVF6DCVhA8kUGy+aazFQ4kXQ7E1Ty7A3ypFOe0IcJV8O/M511G99AW24irKrW56Wt44yG9+ij8FaqoBGkuBXg==",
      "dev": true,
      "license": "MIT",
      "dependencies": {
        "@types/node": "*"
      }
    },
    "node_modules/typescript": {
      "version": "5.9.3",
      "resolved": "https://registry.npmjs.org/typescript/-/typescript-5.9.3.tgz",
      "integrity": "sha512-jl1vZzPDinLr9eUt3J/t7V6FgNEw9QjvBPdysz9KfQDD41fQrC2Y4vKQdiaUpFT4bXlb1RHhLpp8wtm6M5TgSw==",
      "dev": true,
      "license": "Apache-2.0",
      "bin": {
        "tsc": "bin/tsc",
        "tsserver": "bin/tsserver"
      },
      "engines": {
        "node": ">=14.17"
      }
    },
    "node_modules/undici-types": {
      "version": "6.21.0",
      "resolved": "https://registry.npmjs.org/undici-types/-/undici-types-6.21.0.tgz",
      "integrity": "sha512-iwDZqg0QAGrg9Rav5H4n0M64c3mkR59cJ6wQp+7C4nI0gsmExaedaYLNO44eT4AtBBwjbTiGPMlt2Md0T9H9JQ==",
      "dev": true,
      "license": "MIT"
    },
    "node_modules/ws": {
      "version": "8.21.3",
      "resolved": "https://registry.npmjs.org/ws/-/ws-8.21.3.tgz",
      "integrity": "sha512-201TZ/kPWxoPr/OKWjquZR1SWKXcvxdH+e1xrx89b3YbmzLMFCLfnaG1HFIgWzJOEWZ7MvpK++odZufgYR50Rw==",
      "license": "MIT",
      "engines": {
        "node": ">=10.0.0"
      },
      "peerDependencies": {
        "bufferutil": "^4.0.1",
        "utf-8-validate": ">=5.0.2"
      },
      "peerDependenciesMeta": {
        "bufferutil": {
          "optional": true
        },
        "utf-8-validate": {
          "optional": true
        }
      }
    }
  }
}
